
Microsoft Visual Studio Solution File, Format Version 12.00
# Visual Studio Version 17
VisualStudioVersion = 17.0.31903.59
MinimumVisualStudioVersion = 10.0.40219.1
Project("{FAE04EC0-301F-11D3-BF4B-00C04F79EFBC}") = "C-TestForge.UI", "C-TestForge.UI\C-TestForge.UI.csproj", "{5500AB58-7F1F-40AD-8A4C-BBDFE6B9419B}"
EndProject
Project("{FAE04EC0-301F-11D3-BF4B-00C04F79EFBC}") = "C-TestForge.Core", "C-TestForge.Core\C-TestForge.Core.csproj", "{FDCB901B-4B1A-4D09-B613-589DDC998B3A}"
EndProject
Project("{FAE04EC0-301F-11D3-BF4B-00C04F79EFBC}") = "C-TestForge.Parser", "C-TestForge.Parser\C-TestForge.Parser.csproj", "{77EB5E27-11A5-4797-9260-062A3ACB4C3C}"
EndProject
Project("{FAE04EC0-301F-11D3-BF4B-00C04F79EFBC}") = "C-TestForge.Solver", "C-TestForge.Solver\C-TestForge.Solver.csproj", "{0654D848-9824-4EEF-B035-FF309BCA867E}"
EndProject
Project("{FAE04EC0-301F-11D3-BF4B-00C04F79EFBC}") = "C-TestForge.TestCase", "C-TestForge.TestCase\C-TestForge.TestCase.csproj", "{E98F9BAE-8259-4562-8E24-17ECAECBFE07}"
EndProject
Project("{FAE04EC0-301F-11D3-BF4B-00C04F79EFBC}") = "C-TestForge.Models", "C-TestForge.Models\C-TestForge.Models.csproj", "{6624E9AD-AF4E-4EE2-A0B5-D96AFA25830C}"
EndProject
Project("{FAE04EC0-301F-11D3-BF4B-00C04F79EFBC}") = "C-TestForge.Tests", "C-TestForge.Tests\C-TestForge.Tests.csproj", "{3B95EAE8-06FF-40E1-BE14-D59B8573237D}"
EndProject
Global
	GlobalSection(SolutionConfigurationPlatforms) = preSolution
		Debug|Any CPU = Debug|Any CPU
		Debug|x64 = Debug|x64
		Debug|x86 = Debug|x86
		Release|Any CPU = Release|Any CPU
		Release|x64 = Release|x64
		Release|x86 = Release|x86
	EndGlobalSection
	GlobalSection(ProjectConfigurationPlatforms) = postSolution
		{5500AB58-7F1F-40AD-8A4C-BBDFE6B9419B}.Debug|Any CPU.ActiveCfg = Debug|Any CPU
		{5500AB58-7F1F-40AD-8A4C-BBDFE6B9419B}.Debug|Any CPU.Build.0 = Debug|Any CPU
		{5500AB58-7F1F-40AD-8A4C-BBDFE6B9419B}.Debug|x64.ActiveCfg = Debug|Any CPU
		{5500AB58-7F1F-40AD-8A4C-BBDFE6B9419B}.Debug|x64.Build.0 = Debug|Any CPU
		{5500AB58-7F1F-40AD-8A4C-BBDFE6B9419B}.Debug|x86.ActiveCfg = Debug|Any CPU
		{5500AB58-7F1F-40AD-8A4C-BBDFE6B9419B}.Debug|x86.Build.0 = Debug|Any CPU
		{5500AB58-7F1F-40AD-8A4C-BBDFE6B9419B}.Release|Any CPU.ActiveCfg = Release|Any CPU
		{5500AB58-7F1F-40AD-8A4C-BBDFE6B9419B}.Release|Any CPU.Build.0 = Release|Any CPU
		{5500AB58-7F1F-40AD-8A4C-BBDFE6B9419B}.Release|x64.ActiveCfg = Release|Any CPU
		{5500AB58-7F1F-40AD-8A4C-BBDFE6B9419B}.Release|x64.Build.0 = Release|Any CPU
		{5500AB58-7F1F-40AD-8A4C-BBDFE6B9419B}.Release|x86.ActiveCfg = Release|Any CPU
		{5500AB58-7F1F-40AD-8A4C-BBDFE6B9419B}.Release|x86.Build.0 = Release|Any CPU
		{FDCB901B-4B1A-4D09-B613-589DDC998B3A}.Debug|Any CPU.ActiveCfg = Debug|Any CPU
		{FDCB901B-4B1A-4D09-B613-589DDC998B3A}.Debug|Any CPU.Build.0 = Debug|Any CPU
		{FDCB901B-4B1A-4D09-B613-589DDC998B3A}.Debug|x64.ActiveCfg = Debug|Any CPU
		{FDCB901B-4B1A-4D09-B613-589DDC998B3A}.Debug|x64.Build.0 = Debug|Any CPU
		{FDCB901B-4B1A-4D09-B613-589DDC998B3A}.Debug|x86.ActiveCfg = Debug|Any CPU
		{FDCB901B-4B1A-4D09-B613-589DDC998B3A}.Debug|x86.Build.0 = Debug|Any CPU
		{FDCB901B-4B1A-4D09-B613-589DDC998B3A}.Release|Any CPU.ActiveCfg = Release|Any CPU
		{FDCB901B-4B1A-4D09-B613-589DDC998B3A}.Release|Any CPU.Build.0 = Release|Any CPU
		{FDCB901B-4B1A-4D09-B613-589DDC998B3A}.Release|x64.ActiveCfg = Release|Any CPU
		{FDCB901B-4B1A-4D09-B613-589DDC998B3A}.Release|x64.Build.0 = Release|Any CPU
		{FDCB901B-4B1A-4D09-B613-589DDC998B3A}.Release|x86.ActiveCfg = Release|Any CPU
		{FDCB901B-4B1A-4D09-B613-589DDC998B3A}.Release|x86.Build.0 = Release|Any CPU
		{77EB5E27-11A5-4797-9260-062A3ACB4C3C}.Debug|Any CPU.ActiveCfg = Debug|Any CPU
		{77EB5E27-11A5-4797-9260-062A3ACB4C3C}.Debug|Any CPU.Build.0 = Debug|Any CPU
		{77EB5E27-11A5-4797-9260-062A3ACB4C3C}.Debug|x64.ActiveCfg = Debug|Any CPU
		{77EB5E27-11A5-4797-9260-062A3ACB4C3C}.Debug|x64.Build.0 = Debug|Any CPU
		{77EB5E27-11A5-4797-9260-062A3ACB4C3C}.Debug|x86.ActiveCfg = Debug|Any CPU
		{77EB5E27-11A5-4797-9260-062A3ACB4C3C}.Debug|x86.Build.0 = Debug|Any CPU
		{77EB5E27-11A5-4797-9260-062A3ACB4C3C}.Release|Any CPU.ActiveCfg = Release|Any CPU
		{77EB5E27-11A5-4797-9260-062A3ACB4C3C}.Release|Any CPU.Build.0 = Release|Any CPU
		{77EB5E27-11A5-4797-9260-062A3ACB4C3C}.Release|x64.ActiveCfg = Release|Any CPU
		{77EB5E27-11A5-4797-9260-062A3ACB4C3C}.Release|x64.Build.0 = Release|Any CPU
		{77EB5E27-11A5-4797-9260-062A3ACB4C3C}.Release|x86.ActiveCfg = Release|Any CPU
		{77EB5E27-11A5-4797-9260-062A3ACB4C3C}.Release|x86.Build.0 = Release|Any CPU
		{0654D848-9824-4EEF-B035-FF309BCA867E}.Debug|Any CPU.ActiveCfg = Debug|Any CPU
		{0654D848-9824-4EEF-B035-FF309BCA867E}.Debug|Any CPU.Build.0 = Debug|Any CPU
		{0654D848-9824-4EEF-B035-FF309BCA867E}.Debug|x64.ActiveCfg = Debug|Any CPU
		{0654D848-9824-4EEF-B035-FF309BCA867E}.Debug|x64.Build.0 = Debug|Any CPU
		{0654D848-9824-4EEF-B035-FF309BCA867E}.Debug|x86.ActiveCfg = Debug|Any CPU
		{0654D848-9824-4EEF-B035-FF309BCA867E}.Debug|x86.Build.0 = Debug|Any CPU
		{0654D848-9824-4EEF-B035-FF309BCA867E}.Release|Any CPU.ActiveCfg = Release|Any CPU
		{0654D848-9824-4EEF-B035-FF309BCA867E}.Release|Any CPU.Build.0 = Release|Any CPU
		{0654D848-9824-4EEF-B035-FF309BCA867E}.Release|x64.ActiveCfg = Release|Any CPU
		{0654D848-9824-4EEF-B035-FF309BCA867E}.Release|x64.Build.0 = Release|Any CPU
		{0654D848-9824-4EEF-B035-FF309BCA867E}.Release|x86.ActiveCfg = Release|Any CPU
		{0654D848-9824-4EEF-B035-FF309BCA867E}.Release|x86.Build.0 = Release|Any CPU
		{E98F9BAE-8259-4562-8E24-17ECAECBFE07}.Debug|Any CPU.ActiveCfg = Debug|Any CPU
		{E98F9BAE-8259-4562-8E24-17ECAECBFE07}.Debug|Any CPU.Build.0 = Debug|Any CPU
		{E98F9BAE-8259-4562-8E24-17ECAECBFE07}.Debug|x64.ActiveCfg = Debug|Any CPU
		{E98F9BAE-8259-4562-8E24-17ECAECBFE07}.Debug|x64.Build.0 = Debug|Any CPU
		{E98F9BAE-8259-4562-8E24-17ECAECBFE07}.Debug|x86.ActiveCfg = Debug|Any CPU
		{E98F9BAE-8259-4562-8E24-17ECAECBFE07}.Debug|x86.Build.0 = Debug|Any CPU
		{E98F9BAE-8259-4562-8E24-17ECAECBFE07}.Release|Any CPU.ActiveCfg = Release|Any CPU
		{E98F9BAE-8259-4562-8E24-17ECAECBFE07}.Release|Any CPU.Build.0 = Release|Any CPU
		{E98F9BAE-8259-4562-8E24-17ECAECBFE07}.Release|x64.ActiveCfg = Release|Any CPU
		{E98F9BAE-8259-4562-8E24-17ECAECBFE07}.Release|x64.Build.0 = Release|Any CPU
		{E98F9BAE-8259-4562-8E24-17ECAECBFE07}.Release|x86.ActiveCfg = Release|Any CPU
		{E98F9BAE-8259-4562-8E24-17ECAECBFE07}.Release|x86.Build.0 = Release|Any CPU
		{6624E9AD-AF4E-4EE2-A0B5-D96AFA25830C}.Debug|Any CPU.ActiveCfg = Debug|Any CPU
		{6624E9AD-AF4E-4EE2-A0B5-D96AFA25830C}.Debug|Any CPU.Build.0 = Debug|Any CPU
		{6624E9AD-AF4E-4EE2-A0B5-D96AFA25830C}.Debug|x64.ActiveCfg = Debug|Any CPU
		{6624E9AD-AF4E-4EE2-A0B5-D96AFA25830C}.Debug|x64.Build.0 = Debug|Any CPU
		{6624E9AD-AF4E-4EE2-A0B5-D96AFA25830C}.Debug|x86.ActiveCfg = Debug|Any CPU
		{6624E9AD-AF4E-4EE2-A0B5-D96AFA25830C}.Debug|x86.Build.0 = Debug|Any CPU
		{6624E9AD-AF4E-4EE2-A0B5-D96AFA25830C}.Release|Any CPU.ActiveCfg = Release|Any CPU
		{6624E9AD-AF4E-4EE2-A0B5-D96AFA25830C}.Release|Any CPU.Build.0 = Release|Any CPU
		{6624E9AD-AF4E-4EE2-A0B5-D96AFA25830C}.Release|x64.ActiveCfg = Release|Any CPU
		{6624E9AD-AF4E-4EE2-A0B5-D96AFA25830C}.Release|x64.Build.0 = Release|Any CPU
		{6624E9AD-AF4E-4EE2-A0B5-D96AFA25830C}.Release|x86.ActiveCfg = Release|Any CPU
		{6624E9AD-AF4E-4EE2-A0B5-D96AFA25830C}.Release|x86.Build.0 = Release|Any CPU
		{3B95EAE8-06FF-40E1-BE14-D59B8573237D}.Debug|Any CPU.ActiveCfg = Debug|Any CPU
		{3B95EAE8-06FF-40E1-BE14-D59B8573237D}.Debug|Any CPU.Build.0 = Debug|Any CPU
		{3B95EAE8-06FF-40E1-BE14-D59B8573237D}.Debug|x64.ActiveCfg = Debug|Any CPU
		{3B95EAE8-06FF-40E1-BE14-D59B8573237D}.Debug|x64.Build.0 = Debug|Any CPU
		{3B95EAE8-06FF-40E1-BE14-D59B8573237D}.Debug|x86.ActiveCfg = Debug|Any CPU
		{3B95EAE8-06FF-40E1-BE14-D59B8573237D}.Debug|x86.Build.0 = Debug|Any CPU
		{3B95EAE8-06FF-40E1-BE14-D59B8573237D}.Release|Any CPU.ActiveCfg = Release|Any CPU
		{3B95EAE8-06FF-40E1-BE14-D59B8573237D}.Release|Any CPU.Build.0 = Release|Any CPU
		{3B95EAE8-06FF-40E1-BE14-D59B8573237D}.Release|x64.ActiveCfg = Release|Any CPU
		{3B95EAE8-06FF-40E1-BE14-D59B8573237D}.Release|x64.Build.0 = Release|Any CPU
		{3B95EAE8-06FF-40E1-BE14-D59B8573237D}.Release|x86.ActiveCfg = Release|Any CPU
		{3B95EAE8-06FF-40E1-BE14-D59B8573237D}.Release|x86.Build.0 = Release|Any CPU
	EndGlobalSection
	GlobalSection(SolutionProperties) = preSolution
		HideSolutionNode = FALSE
	EndGlobalSection
EndGlobal
